
Microsoft Visual Studio Solution File, Format Version 12.00
# Visual Studio 15
VisualStudioVersion = 15.0.27004.2005
MinimumVisualStudioVersion = 10.0.40219.1
Project("{E24C65DC-7377-472B-9ABA-BC803B73C61A}") = "oarklimited.github.io", ".", "{AB221ED7-3710-4A68-830E-5A7B41A92F92}"
	ProjectSection(WebsiteProperties) = preProject
		TargetFrameworkMoniker = ".NETFramework,Version%3Dv4.0"
		Debug.AspNetCompiler.VirtualPath = "/localhost_21336"
		Debug.AspNetCompiler.PhysicalPath = "..\oarklimited.github.io\"
		Debug.AspNetCompiler.TargetPath = "PrecompiledWeb\localhost_21336\"
		Debug.AspNetCompiler.Updateable = "true"
		Debug.AspNetCompiler.ForceOverwrite = "true"
		Debug.AspNetCompiler.FixedNames = "false"
		Debug.AspNetCompiler.Debug = "True"
		Release.AspNetCompiler.VirtualPath = "/localhost_21336"
		Release.AspNetCompiler.PhysicalPath = "..\oarklimited.github.io\"
		Release.AspNetCompiler.TargetPath = "PrecompiledWeb\localhost_21336\"
		Release.AspNetCompiler.Updateable = "true"
		Release.AspNetCompiler.ForceOverwrite = "true"
		Release.AspNetCompiler.FixedNames = "false"
		Release.AspNetCompiler.Debug = "False"
		VWDPort = "21336"
		SlnRelativePath = "..\oarklimited.github.io\"
	EndProjectSection
EndProject
Project("{2150E333-8FDC-42A3-9474-1A3956D46DE8}") = "Solution Items", "Solution Items", "{8DFB26E0-7B9E-4C97-9CCD-CEDF88471BCA}"
	ProjectSection(SolutionItems) = preProject
		Solution Items\screencapture-oarklimited-desktop.png = Solution Items\screencapture-oarklimited-desktop.png
		Solution Items\screencapture-oarklimited-mobile.png = Solution Items\screencapture-oarklimited-mobile.png
	EndProjectSection
EndProject
Global
	GlobalSection(SolutionConfigurationPlatforms) = preSolution
		Debug|Any CPU = Debug|Any CPU
	EndGlobalSection
	GlobalSection(ProjectConfigurationPlatforms) = postSolution
		{AB221ED7-3710-4A68-830E-5A7B41A92F92}.Debug|Any CPU.ActiveCfg = Debug|Any CPU
		{AB221ED7-3710-4A68-830E-5A7B41A92F92}.Debug|Any CPU.Build.0 = Debug|Any CPU
	EndGlobalSection
	GlobalSection(SolutionProperties) = preSolution
		HideSolutionNode = FALSE
	EndGlobalSection
	GlobalSection(ExtensibilityGlobals) = postSolution
		SolutionGuid = {9A4CECC4-FA05-42F0-90F4-82B350C278C6}
	EndGlobalSection
EndGlobal
